
Microsoft Visual Studio Solution File, Format Version 12.00
# Visual Studio 15
VisualStudioVersion = 15.0.27004.2006
MinimumVisualStudioVersion = 10.0.40219.1
Project("{FAE04EC0-301F-11D3-BF4B-00C04F79EFBC}") = "ElevenRose.Web", "Eleven.Web\ElevenRose.Web.csproj", "{3F0E530D-3040-47B6-BFE8-B032090234F9}"
EndProject
Project("{FAE04EC0-301F-11D3-BF4B-00C04F79EFBC}") = "ElevenRose.Data", "ElevenRose.Data\ElevenRose.Data.csproj", "{898B5AD1-6760-4450-B0DE-02F010A558F1}"
EndProject
Project("{FAE04EC0-301F-11D3-BF4B-00C04F79EFBC}") = "ElevenRose.Services", "ElevenRose.Services\ElevenRose.Services.csproj", "{9EB21265-0B5A-435C-98BA-658D2DDABB16}"
EndProject
Project("{FAE04EC0-301F-11D3-BF4B-00C04F79EFBC}") = "ElevenRose.Models", "ElevenRose.Models\ElevenRose.Models.csproj", "{4B843036-71DC-4800-8025-8D47E9CBD78B}"
EndProject
Global
	GlobalSection(SolutionConfigurationPlatforms) = preSolution
		Debug|Any CPU = Debug|Any CPU
		Release|Any CPU = Release|Any CPU
	EndGlobalSection
	GlobalSection(ProjectConfigurationPlatforms) = postSolution
		{3F0E530D-3040-47B6-BFE8-B032090234F9}.Debug|Any CPU.ActiveCfg = Debug|Any CPU
		{3F0E530D-3040-47B6-BFE8-B032090234F9}.Debug|Any CPU.Build.0 = Debug|Any CPU
		{3F0E530D-3040-47B6-BFE8-B032090234F9}.Release|Any CPU.ActiveCfg = Release|Any CPU
		{3F0E530D-3040-47B6-BFE8-B032090234F9}.Release|Any CPU.Build.0 = Release|Any CPU
		{898B5AD1-6760-4450-B0DE-02F010A558F1}.Debug|Any CPU.ActiveCfg = Debug|Any CPU
		{898B5AD1-6760-4450-B0DE-02F010A558F1}.Debug|Any CPU.Build.0 = Debug|Any CPU
		{898B5AD1-6760-4450-B0DE-02F010A558F1}.Release|Any CPU.ActiveCfg = Release|Any CPU
		{898B5AD1-6760-4450-B0DE-02F010A558F1}.Release|Any CPU.Build.0 = Release|Any CPU
		{9EB21265-0B5A-435C-98BA-658D2DDABB16}.Debug|Any CPU.ActiveCfg = Debug|Any CPU
		{9EB21265-0B5A-435C-98BA-658D2DDABB16}.Debug|Any CPU.Build.0 = Debug|Any CPU
		{9EB21265-0B5A-435C-98BA-658D2DDABB16}.Release|Any CPU.ActiveCfg = Release|Any CPU
		{9EB21265-0B5A-435C-98BA-658D2DDABB16}.Release|Any CPU.Build.0 = Release|Any CPU
		{4B843036-71DC-4800-8025-8D47E9CBD78B}.Debug|Any CPU.ActiveCfg = Debug|Any CPU
		{4B843036-71DC-4800-8025-8D47E9CBD78B}.Debug|Any CPU.Build.0 = Debug|Any CPU
		{4B843036-71DC-4800-8025-8D47E9CBD78B}.Release|Any CPU.ActiveCfg = Release|Any CPU
		{4B843036-71DC-4800-8025-8D47E9CBD78B}.Release|Any CPU.Build.0 = Release|Any CPU
	EndGlobalSection
	GlobalSection(SolutionProperties) = preSolution
		HideSolutionNode = FALSE
	EndGlobalSection
	GlobalSection(ExtensibilityGlobals) = postSolution
		SolutionGuid = {B78F7106-B088-4C85-8797-13F72A4668CA}
	EndGlobalSection
EndGlobal
